
Microsoft Visual Studio Solution File, Format Version 12.00
# Visual Studio 15
VisualStudioVersion = 15.0.27428.2027
MinimumVisualStudioVersion = 10.0.40219.1
Project("{FAE04EC0-301F-11D3-BF4B-00C04F79EFBC}") = "DemoMenuMasterDetail.Android", "DemoMenuMasterDetail\DemoMenuMasterDetail.Android\DemoMenuMasterDetail.Android.csproj", "{20C8D39A-A6F0-4A77-B0A6-505C3A0579AF}"
EndProject
Project("{FAE04EC0-301F-11D3-BF4B-00C04F79EFBC}") = "DemoMenuMasterDetail.iOS", "DemoMenuMasterDetail\DemoMenuMasterDetail.iOS\DemoMenuMasterDetail.iOS.csproj", "{04E19B51-49C8-41CF-8069-DA815CE1C3FC}"
EndProject
Project("{FAE04EC0-301F-11D3-BF4B-00C04F79EFBC}") = "DemoMenuMasterDetail", "DemoMenuMasterDetail\DemoMenuMasterDetail\DemoMenuMasterDetail.csproj", "{1B53F200-370A-4F60-B1D6-080DEE4B9327}"
EndProject
Global
	GlobalSection(SolutionConfigurationPlatforms) = preSolution
		Ad-Hoc|Any CPU = Ad-Hoc|Any CPU
		Ad-Hoc|iPhone = Ad-Hoc|iPhone
		Ad-Hoc|iPhoneSimulator = Ad-Hoc|iPhoneSimulator
		AppStore|Any CPU = AppStore|Any CPU
		AppStore|iPhone = AppStore|iPhone
		AppStore|iPhoneSimulator = AppStore|iPhoneSimulator
		Debug|Any CPU = Debug|Any CPU
		Debug|iPhone = Debug|iPhone
		Debug|iPhoneSimulator = Debug|iPhoneSimulator
		Release|Any CPU = Release|Any CPU
		Release|iPhone = Release|iPhone
		Release|iPhoneSimulator = Release|iPhoneSimulator
	EndGlobalSection
	GlobalSection(ProjectConfigurationPlatforms) = postSolution
		{20C8D39A-A6F0-4A77-B0A6-505C3A0579AF}.Ad-Hoc|Any CPU.ActiveCfg = Release|Any CPU
		{20C8D39A-A6F0-4A77-B0A6-505C3A0579AF}.Ad-Hoc|Any CPU.Build.0 = Release|Any CPU
		{20C8D39A-A6F0-4A77-B0A6-505C3A0579AF}.Ad-Hoc|Any CPU.Deploy.0 = Release|Any CPU
		{20C8D39A-A6F0-4A77-B0A6-505C3A0579AF}.Ad-Hoc|iPhone.ActiveCfg = Release|Any CPU
		{20C8D39A-A6F0-4A77-B0A6-505C3A0579AF}.Ad-Hoc|iPhone.Build.0 = Release|Any CPU
		{20C8D39A-A6F0-4A77-B0A6-505C3A0579AF}.Ad-Hoc|iPhone.Deploy.0 = Release|Any CPU
		{20C8D39A-A6F0-4A77-B0A6-505C3A0579AF}.Ad-Hoc|iPhoneSimulator.ActiveCfg = Release|Any CPU
		{20C8D39A-A6F0-4A77-B0A6-505C3A0579AF}.Ad-Hoc|iPhoneSimulator.Build.0 = Release|Any CPU
		{20C8D39A-A6F0-4A77-B0A6-505C3A0579AF}.Ad-Hoc|iPhoneSimulator.Deploy.0 = Release|Any CPU
		{20C8D39A-A6F0-4A77-B0A6-505C3A0579AF}.AppStore|Any CPU.ActiveCfg = Release|Any CPU
		{20C8D39A-A6F0-4A77-B0A6-505C3A0579AF}.AppStore|Any CPU.Build.0 = Release|Any CPU
		{20C8D39A-A6F0-4A77-B0A6-505C3A0579AF}.AppStore|Any CPU.Deploy.0 = Release|Any CPU
		{20C8D39A-A6F0-4A77-B0A6-505C3A0579AF}.AppStore|iPhone.ActiveCfg = Release|Any CPU
		{20C8D39A-A6F0-4A77-B0A6-505C3A0579AF}.AppStore|iPhone.Build.0 = Release|Any CPU
		{20C8D39A-A6F0-4A77-B0A6-505C3A0579AF}.AppStore|iPhone.Deploy.0 = Release|Any CPU
		{20C8D39A-A6F0-4A77-B0A6-505C3A0579AF}.AppStore|iPhoneSimulator.ActiveCfg = Release|Any CPU
		{20C8D39A-A6F0-4A77-B0A6-505C3A0579AF}.AppStore|iPhoneSimulator.Build.0 = Release|Any CPU
		{20C8D39A-A6F0-4A77-B0A6-505C3A0579AF}.AppStore|iPhoneSimulator.Deploy.0 = Release|Any CPU
		{20C8D39A-A6F0-4A77-B0A6-505C3A0579AF}.Debug|Any CPU.ActiveCfg = Debug|Any CPU
		{20C8D39A-A6F0-4A77-B0A6-505C3A0579AF}.Debug|Any CPU.Build.0 = Debug|Any CPU
		{20C8D39A-A6F0-4A77-B0A6-505C3A0579AF}.Debug|Any CPU.Deploy.0 = Debug|Any CPU
		{20C8D39A-A6F0-4A77-B0A6-505C3A0579AF}.Debug|iPhone.ActiveCfg = Debug|Any CPU
		{20C8D39A-A6F0-4A77-B0A6-505C3A0579AF}.Debug|iPhone.Build.0 = Debug|Any CPU
		{20C8D39A-A6F0-4A77-B0A6-505C3A0579AF}.Debug|iPhone.Deploy.0 = Debug|Any CPU
		{20C8D39A-A6F0-4A77-B0A6-505C3A0579AF}.Debug|iPhoneSimulator.ActiveCfg = Debug|Any CPU
		{20C8D39A-A6F0-4A77-B0A6-505C3A0579AF}.Debug|iPhoneSimulator.Build.0 = Debug|Any CPU
		{20C8D39A-A6F0-4A77-B0A6-505C3A0579AF}.Debug|iPhoneSimulator.Deploy.0 = Debug|Any CPU
		{20C8D39A-A6F0-4A77-B0A6-505C3A0579AF}.Release|Any CPU.ActiveCfg = Release|Any CPU
		{20C8D39A-A6F0-4A77-B0A6-505C3A0579AF}.Release|Any CPU.Build.0 = Release|Any CPU
		{20C8D39A-A6F0-4A77-B0A6-505C3A0579AF}.Release|Any CPU.Deploy.0 = Release|Any CPU
		{20C8D39A-A6F0-4A77-B0A6-505C3A0579AF}.Release|iPhone.ActiveCfg = Release|Any CPU
		{20C8D39A-A6F0-4A77-B0A6-505C3A0579AF}.Release|iPhone.Build.0 = Release|Any CPU
		{20C8D39A-A6F0-4A77-B0A6-505C3A0579AF}.Release|iPhone.Deploy.0 = Release|Any CPU
		{20C8D39A-A6F0-4A77-B0A6-505C3A0579AF}.Release|iPhoneSimulator.ActiveCfg = Release|Any CPU
		{20C8D39A-A6F0-4A77-B0A6-505C3A0579AF}.Release|iPhoneSimulator.Build.0 = Release|Any CPU
		{20C8D39A-A6F0-4A77-B0A6-505C3A0579AF}.Release|iPhoneSimulator.Deploy.0 = Release|Any CPU
		{04E19B51-49C8-41CF-8069-DA815CE1C3FC}.Ad-Hoc|Any CPU.ActiveCfg = Ad-Hoc|iPhone
		{04E19B51-49C8-41CF-8069-DA815CE1C3FC}.Ad-Hoc|iPhone.ActiveCfg = Ad-Hoc|iPhone
		{04E19B51-49C8-41CF-8069-DA815CE1C3FC}.Ad-Hoc|iPhone.Build.0 = Ad-Hoc|iPhone
		{04E19B51-49C8-41CF-8069-DA815CE1C3FC}.Ad-Hoc|iPhoneSimulator.ActiveCfg = Ad-Hoc|iPhoneSimulator
		{04E19B51-49C8-41CF-8069-DA815CE1C3FC}.Ad-Hoc|iPhoneSimulator.Build.0 = Ad-Hoc|iPhoneSimulator
		{04E19B51-49C8-41CF-8069-DA815CE1C3FC}.AppStore|Any CPU.ActiveCfg = AppStore|iPhone
		{04E19B51-49C8-41CF-8069-DA815CE1C3FC}.AppStore|iPhone.ActiveCfg = AppStore|iPhone
		{04E19B51-49C8-41CF-8069-DA815CE1C3FC}.AppStore|iPhone.Build.0 = AppStore|iPhone
		{04E19B51-49C8-41CF-8069-DA815CE1C3FC}.AppStore|iPhoneSimulator.ActiveCfg = AppStore|iPhoneSimulator
		{04E19B51-49C8-41CF-8069-DA815CE1C3FC}.AppStore|iPhoneSimulator.Build.0 = AppStore|iPhoneSimulator
		{04E19B51-49C8-41CF-8069-DA815CE1C3FC}.Debug|Any CPU.ActiveCfg = Debug|iPhone
		{04E19B51-49C8-41CF-8069-DA815CE1C3FC}.Debug|iPhone.ActiveCfg = Debug|iPhone
		{04E19B51-49C8-41CF-8069-DA815CE1C3FC}.Debug|iPhone.Build.0 = Debug|iPhone
		{04E19B51-49C8-41CF-8069-DA815CE1C3FC}.Debug|iPhoneSimulator.ActiveCfg = Debug|iPhoneSimulator
		{04E19B51-49C8-41CF-8069-DA815CE1C3FC}.Debug|iPhoneSimulator.Build.0 = Debug|iPhoneSimulator
		{04E19B51-49C8-41CF-8069-DA815CE1C3FC}.Release|Any CPU.ActiveCfg = Release|iPhone
		{04E19B51-49C8-41CF-8069-DA815CE1C3FC}.Release|iPhone.ActiveCfg = Release|iPhone
		{04E19B51-49C8-41CF-8069-DA815CE1C3FC}.Release|iPhone.Build.0 = Release|iPhone
		{04E19B51-49C8-41CF-8069-DA815CE1C3FC}.Release|iPhoneSimulator.ActiveCfg = Release|iPhoneSimulator
		{04E19B51-49C8-41CF-8069-DA815CE1C3FC}.Release|iPhoneSimulator.Build.0 = Release|iPhoneSimulator
		{1B53F200-370A-4F60-B1D6-080DEE4B9327}.Ad-Hoc|Any CPU.ActiveCfg = Debug|Any CPU
		{1B53F200-370A-4F60-B1D6-080DEE4B9327}.Ad-Hoc|Any CPU.Build.0 = Debug|Any CPU
		{1B53F200-370A-4F60-B1D6-080DEE4B9327}.Ad-Hoc|iPhone.ActiveCfg = Debug|Any CPU
		{1B53F200-370A-4F60-B1D6-080DEE4B9327}.Ad-Hoc|iPhone.Build.0 = Debug|Any CPU
		{1B53F200-370A-4F60-B1D6-080DEE4B9327}.Ad-Hoc|iPhoneSimulator.ActiveCfg = Debug|Any CPU
		{1B53F200-370A-4F60-B1D6-080DEE4B9327}.Ad-Hoc|iPhoneSimulator.Build.0 = Debug|Any CPU
		{1B53F200-370A-4F60-B1D6-080DEE4B9327}.AppStore|Any CPU.ActiveCfg = Debug|Any CPU
		{1B53F200-370A-4F60-B1D6-080DEE4B9327}.AppStore|Any CPU.Build.0 = Debug|Any CPU
		{1B53F200-370A-4F60-B1D6-080DEE4B9327}.AppStore|iPhone.ActiveCfg = Debug|Any CPU
		{1B53F200-370A-4F60-B1D6-080DEE4B9327}.AppStore|iPhone.Build.0 = Debug|Any CPU
		{1B53F200-370A-4F60-B1D6-080DEE4B9327}.AppStore|iPhoneSimulator.ActiveCfg = Debug|Any CPU
		{1B53F200-370A-4F60-B1D6-080DEE4B9327}.AppStore|iPhoneSimulator.Build.0 = Debug|Any CPU
		{1B53F200-370A-4F60-B1D6-080DEE4B9327}.Debug|Any CPU.ActiveCfg = Debug|Any CPU
		{1B53F200-370A-4F60-B1D6-080DEE4B9327}.Debug|Any CPU.Build.0 = Debug|Any CPU
		{1B53F200-370A-4F60-B1D6-080DEE4B9327}.Debug|iPhone.ActiveCfg = Debug|Any CPU
		{1B53F200-370A-4F60-B1D6-080DEE4B9327}.Debug|iPhone.Build.0 = Debug|Any CPU
		{1B53F200-370A-4F60-B1D6-080DEE4B9327}.Debug|iPhoneSimulator.ActiveCfg = Debug|Any CPU
		{1B53F200-370A-4F60-B1D6-080DEE4B9327}.Debug|iPhoneSimulator.Build.0 = Debug|Any CPU
		{1B53F200-370A-4F60-B1D6-080DEE4B9327}.Release|Any CPU.ActiveCfg = Release|Any CPU
		{1B53F200-370A-4F60-B1D6-080DEE4B9327}.Release|Any CPU.Build.0 = Release|Any CPU
		{1B53F200-370A-4F60-B1D6-080DEE4B9327}.Release|iPhone.ActiveCfg = Release|Any CPU
		{1B53F200-370A-4F60-B1D6-080DEE4B9327}.Release|iPhone.Build.0 = Release|Any CPU
		{1B53F200-370A-4F60-B1D6-080DEE4B9327}.Release|iPhoneSimulator.ActiveCfg = Release|Any CPU
		{1B53F200-370A-4F60-B1D6-080DEE4B9327}.Release|iPhoneSimulator.Build.0 = Release|Any CPU
	EndGlobalSection
	GlobalSection(SolutionProperties) = preSolution
		HideSolutionNode = FALSE
	EndGlobalSection
	GlobalSection(ExtensibilityGlobals) = postSolution
		SolutionGuid = {8AF4182F-0769-410D-9930-D40215C52587}
	EndGlobalSection
EndGlobal
